<?xml version="1.0" encoding="utf-8"?>
<Project ToolsVersion="4.0" xmlns="http://schemas.microsoft.com/developer/msbuild/2003">
  <ItemGroup>
    <Filter Include="Source Files">
      <UniqueIdentifier>{4FC737F1-C7A5-4376-A066-2A32D752A2FF}</UniqueIdentifier>
      <Extensions>cpp;c;cc;cxx;c++;def;odl;idl;hpj;bat;asm;asmx</Extensions>
    </Filter>
    <Filter Include="Header Files">
      <UniqueIdentifier>{93995380-89BD-4b04-88EB-625FBE52EBFB}</UniqueIdentifier>
      <Extensions>h;hh;hpp;hxx;h++;hm;inl;inc;ipp;xsd</Extensions>
    </Filter>
    <Filter Include="Resource Files">
      <UniqueIdentifier>{67DA6AB6-F800-4c08-8B7A-83BB121AAD01}</UniqueIdentifier>
      <Extensions>rc;ico;cur;bmp;dlg;rc2;rct;bin;rgs;gif;jpg;jpeg;jpe;resx;tiff;tif;png;wav;mfcribbon-ms</Extensions>
    </Filter>
    <Filter Include="Header Files\Graph">
      <UniqueIdentifier>{0495aedd-746b-4739-9244-605723cbb3d6}</UniqueIdentifier>
    </Filter>
    <Filter Include="Source Files\Graph">
      <UniqueIdentifier>{271b074b-c3bd-4d3a-aeb5-7e4e5c632191}</UniqueIdentifier>
    </Filter>
  </ItemGroup>
  <ItemGroup>
    <ClInclude Include="framework.h">
      <Filter>Header Files</Filter>
    </ClInclude>
    <ClInclude Include="pch.h">
      <Filter>Header Files</Filter>
    </ClInclude>
    <ClInclude Include="FBError.h">
      <Filter>Header Files</Filter>
    </ClInclude>
    <ClInclude Include="FBResult.h">
      <Filter>Header Files</Filter>
    </ClInclude>
    <ClInclude Include="FBAccessTokenData.h">
      <Filter>Header Files</Filter>
    </ClInclude>
    <ClInclude Include="FBPermissions.h">
      <Filter>Header Files</Filter>
    </ClInclude>
    <ClInclude Include="Utilities.h">
      <Filter>Header Files</Filter>
    </ClInclude>
    <ClInclude Include="Graph\FBPage.h">
      <Filter>Header Files\Graph</Filter>
    </ClInclude>
    <ClInclude Include="Graph\FBPermission.h">
      <Filter>Header Files\Graph</Filter>
    </ClInclude>
    <ClInclude Include="Graph\FBUser.h">
      <Filter>Header Files\Graph</Filter>
    </ClInclude>
    <ClInclude Include="Graph\FBProfilePictureData.h">
      <Filter>Header Files\Graph</Filter>
    </ClInclude>
    <ClInclude Include="Graph\FBProfilePicture.h">
      <Filter>Header Files\Graph</Filter>
    </ClInclude>
  </ItemGroup>
  <ItemGroup>
    <ClCompile Include="pch.cpp">
      <Filter>Source Files</Filter>
    </ClCompile>
    <ClCompile Include="FBError.cpp">
      <Filter>Source Files</Filter>
    </ClCompile>
    <ClCompile Include="FBResult.cpp">
      <Filter>Source Files</Filter>
    </ClCompile>
    <ClCompile Include="FBPermissions.cpp">
      <Filter>Source Files</Filter>
    </ClCompile>
    <ClCompile Include="Utilities.cpp">
      <Filter>Source Files</Filter>
    </ClCompile>
    <ClCompile Include="FBAccessTokenData.cpp">
      <Filter>Source Files</Filter>
    </ClCompile>
    <ClCompile Include="Graph\FBPermission.cpp">
      <Filter>Source Files\Graph</Filter>
    </ClCompile>
    <ClCompile Include="Graph\FBUser.cpp">
      <Filter>Source Files\Graph</Filter>
    </ClCompile>
    <ClCompile Include="Graph\FBProfilePictureData.cpp">
      <Filter>Source Files\Graph</Filter>
    </ClCompile>
    <ClCompile Include="Graph\FBProfilePicture.cpp">
      <Filter>Source Files\Graph</Filter>
    </ClCompile>
    <ClCompile Include="Graph\FBPage.cpp">
      <Filter>Source Files\Graph</Filter>
    </ClCompile>
  </ItemGroup>
</Project>