<?xml version="1.0" encoding="utf-8"?>
<Project ToolsVersion="4.0" xmlns="http://schemas.microsoft.com/developer/msbuild/2003">
  <ItemGroup>
    <ClCompile Include="$(MSBuildThisFileDirectory)FBAccessTokenData.cpp" />
    <ClCompile Include="$(MSBuildThisFileDirectory)FBError.cpp" />
    <ClCompile Include="$(MSBuildThisFileDirectory)FBPermissions.cpp" />
    <ClCompile Include="$(MSBuildThisFileDirectory)FBResult.cpp" />
    <ClCompile Include="$(MSBuildThisFileDirectory)Utilities.cpp" />
    <ClCompile Include="$(MSBuildThisFileDirectory)Graph\FBPage.cpp">
      <Filter>Graph</Filter>
    </ClCompile>
    <ClCompile Include="$(MSBuildThisFileDirectory)Graph\FBPermission.cpp">
      <Filter>Graph</Filter>
    </ClCompile>
    <ClCompile Include="$(MSBuildThisFileDirectory)Graph\FBProfilePicture.cpp">
      <Filter>Graph</Filter>
    </ClCompile>
    <ClCompile Include="$(MSBuildThisFileDirectory)Graph\FBProfilePictureData.cpp">
      <Filter>Graph</Filter>
    </ClCompile>
    <ClCompile Include="$(MSBuildThisFileDirectory)Graph\FBUser.cpp">
      <Filter>Graph</Filter>
    </ClCompile>
    <ClCompile Include="$(MSBuildThisFileDirectory)Graph\FBGroup.cpp">
      <Filter>Graph</Filter>
    </ClCompile>
    <ClCompile Include="$(MSBuildThisFileDirectory)Graph\FBObject.cpp">
      <Filter>Graph</Filter>
    </ClCompile>
    <ClCompile Include="$(MSBuildThisFileDirectory)Graph\FBPageCategory.cpp">
      <Filter>Graph</Filter>
    </ClCompile>
    <ClCompile Include="$(MSBuildThisFileDirectory)Graph\FBPaging.cpp">
      <Filter>Graph</Filter>
    </ClCompile>
    <ClCompile Include="$(MSBuildThisFileDirectory)Graph\FBCursors.cpp">
      <Filter>Graph</Filter>
    </ClCompile>
    <ClCompile Include="$(MSBuildThisFileDirectory)Graph\FBAppRequest.cpp">
      <Filter>Graph</Filter>
    </ClCompile>
  </ItemGroup>
  <ItemGroup>
    <ClInclude Include="$(MSBuildThisFileDirectory)FBAccessTokenData.h" />
    <ClInclude Include="$(MSBuildThisFileDirectory)FBError.h" />
    <ClInclude Include="$(MSBuildThisFileDirectory)FBPermissions.h" />
    <ClInclude Include="$(MSBuildThisFileDirectory)FBResult.h" />
    <ClInclude Include="$(MSBuildThisFileDirectory)Utilities.h" />
    <ClInclude Include="$(MSBuildThisFileDirectory)Graph\FBPage.h">
      <Filter>Graph</Filter>
    </ClInclude>
    <ClInclude Include="$(MSBuildThisFileDirectory)Graph\FBPermission.h">
      <Filter>Graph</Filter>
    </ClInclude>
    <ClInclude Include="$(MSBuildThisFileDirectory)Graph\FBProfilePicture.h">
      <Filter>Graph</Filter>
    </ClInclude>
    <ClInclude Include="$(MSBuildThisFileDirectory)Graph\FBProfilePictureData.h">
      <Filter>Graph</Filter>
    </ClInclude>
    <ClInclude Include="$(MSBuildThisFileDirectory)Graph\FBUser.h">
      <Filter>Graph</Filter>
    </ClInclude>
    <ClInclude Include="$(MSBuildThisFileDirectory)FBAppEvents.h" />
    <ClInclude Include="$(MSBuildThisFileDirectory)SDKMessage.h" />
    <ClInclude Include="$(MSBuildThisFileDirectory)FBSession.h" />
    <ClInclude Include="$(MSBuildThisFileDirectory)FBDialog.h" />
    <ClInclude Include="$(MSBuildThisFileDirectory)HttpMethod.h" />
    <ClInclude Include="$(MSBuildThisFileDirectory)HttpManager.h" />
    <ClInclude Include="$(MSBuildThisFileDirectory)IHttpClient.h" />
    <ClInclude Include="$(MSBuildThisFileDirectory)Graph\FBGroup.h">
      <Filter>Graph</Filter>
    </ClInclude>
    <ClInclude Include="$(MSBuildThisFileDirectory)Graph\FBObject.h">
      <Filter>Graph</Filter>
    </ClInclude>
    <ClInclude Include="$(MSBuildThisFileDirectory)Graph\FBPageCategory.h">
      <Filter>Graph</Filter>
    </ClInclude>
    <ClInclude Include="$(MSBuildThisFileDirectory)Graph\FBPaging.h">
      <Filter>Graph</Filter>
    </ClInclude>
    <ClInclude Include="$(MSBuildThisFileDirectory)Graph\FBCursors.h">
      <Filter>Graph</Filter>
    </ClInclude>
    <ClInclude Include="$(MSBuildThisFileDirectory)Graph\FBAppRequest.h">
      <Filter>Graph</Filter>
    </ClInclude>
    <ClInclude Include="$(MSBuildThisFileDirectory)FBFeedRequest.h" />
    <ClInclude Include="$(MSBuildThisFileDirectory)GraphUriBuilder.h" />
    <ClInclude Include="$(MSBuildThisFileDirectory)FBSingleValue.h" />
    <ClInclude Include="$(MSBuildThisFileDirectory)FBSendRequest.h" />
    <ClInclude Include="$(MSBuildThisFileDirectory)FBPaginatedArray.h" />
    <ClInclude Include="$(MSBuildThisFileDirectory)FBMediaStream.h" />
    <ClInclude Include="$(MSBuildThisFileDirectory)FBMediaObject.h" />
    <ClInclude Include="$(MSBuildThisFileDirectory)FBClient.h" />
    <ClInclude Include="$(MSBuildThisFileDirectory)FBAppRequest.h" />
    <ClInclude Include="$(MSBuildThisFileDirectory)FBConstants.h" />
  </ItemGroup>
  <ItemGroup>
    <Filter Include="Graph">
      <UniqueIdentifier>{8b3cd042-862c-4ff2-8e31-bf662fa2a6c2}</UniqueIdentifier>
    </Filter>
  </ItemGroup>
</Project>